
Microsoft Visual Studio Solution File, Format Version 10.00
# Visual Studio 2008
Project("{F184B08F-C81C-45F6-A57F-5ABD9991F28F}") = "SMSOnEffective", "SMSOnEffective\SMSOnEffective.vbproj", "{1F2D7CB3-9805-4B23-9D60-DF3D96CC6CB1}"
EndProject
Project("{F184B08F-C81C-45F6-A57F-5ABD9991F28F}") = "SMSOnEffectiveController", "SMSOnEffectiveController\SMSOnEffectiveController.vbproj", "{1102DE64-46B5-44BC-A2EC-C93B31CEEB3A}"
EndProject
Project("{54435603-DBB4-11D2-8724-00A0C9A8B90C}") = "SMSOnEffectiveX64", "SMSOnEffectiveX64\SMSOnEffectiveX64.vdproj", "{231BD93C-61BF-49DB-A2DA-2802EE049CE5}"
EndProject
Project("{54435603-DBB4-11D2-8724-00A0C9A8B90C}") = "SMSOnEffectiveX86", "SMSOnEffectiveX86\SMSOnEffectiveX86.vdproj", "{EA732141-D805-4254-996C-56A6BB9CAC4A}"
EndProject
Global
	GlobalSection(SolutionConfigurationPlatforms) = preSolution
		Debug|Any CPU = Debug|Any CPU
		Release|Any CPU = Release|Any CPU
	EndGlobalSection
	GlobalSection(ProjectConfigurationPlatforms) = postSolution
		{1F2D7CB3-9805-4B23-9D60-DF3D96CC6CB1}.Debug|Any CPU.ActiveCfg = Debug|Any CPU
		{1F2D7CB3-9805-4B23-9D60-DF3D96CC6CB1}.Debug|Any CPU.Build.0 = Debug|Any CPU
		{1F2D7CB3-9805-4B23-9D60-DF3D96CC6CB1}.Release|Any CPU.ActiveCfg = Release|Any CPU
		{1F2D7CB3-9805-4B23-9D60-DF3D96CC6CB1}.Release|Any CPU.Build.0 = Release|Any CPU
		{1102DE64-46B5-44BC-A2EC-C93B31CEEB3A}.Debug|Any CPU.ActiveCfg = Debug|Any CPU
		{1102DE64-46B5-44BC-A2EC-C93B31CEEB3A}.Debug|Any CPU.Build.0 = Debug|Any CPU
		{1102DE64-46B5-44BC-A2EC-C93B31CEEB3A}.Release|Any CPU.ActiveCfg = Release|Any CPU
		{1102DE64-46B5-44BC-A2EC-C93B31CEEB3A}.Release|Any CPU.Build.0 = Release|Any CPU
		{231BD93C-61BF-49DB-A2DA-2802EE049CE5}.Debug|Any CPU.ActiveCfg = Debug
		{231BD93C-61BF-49DB-A2DA-2802EE049CE5}.Release|Any CPU.ActiveCfg = Release
		{EA732141-D805-4254-996C-56A6BB9CAC4A}.Debug|Any CPU.ActiveCfg = Debug
		{EA732141-D805-4254-996C-56A6BB9CAC4A}.Release|Any CPU.ActiveCfg = Release
	EndGlobalSection
	GlobalSection(SolutionProperties) = preSolution
		HideSolutionNode = FALSE
	EndGlobalSection
EndGlobal
