
Microsoft Visual Studio Solution File, Format Version 12.00
# Visual Studio 2012
Project("{159641D6-6404-4A2A-AE62-294DE0FE8301}") = "IMIS DW", "IMIS DW\IMIS DW.dtproj", "{E62C2003-8C19-4977-95E2-F2A306448B34}"
EndProject
Global
	GlobalSection(SolutionConfigurationPlatforms) = preSolution
		Development|Default = Development|Default
	EndGlobalSection
	GlobalSection(ProjectConfigurationPlatforms) = postSolution
		{E62C2003-8C19-4977-95E2-F2A306448B34}.Development|Default.ActiveCfg = Development
		{E62C2003-8C19-4977-95E2-F2A306448B34}.Development|Default.Build.0 = Development
	EndGlobalSection
	GlobalSection(SolutionProperties) = preSolution
		HideSolutionNode = FALSE
	EndGlobalSection
EndGlobal
